
Microsoft Visual Studio Solution File, Format Version 12.00
# Visual Studio Version 17
VisualStudioVersion = 17.3.32929.385
MinimumVisualStudioVersion = 10.0.40219.1
Project("{FAE04EC0-301F-11D3-BF4B-00C04F79EFBC}") = "slnCursoNet", "slnCursoNet.csproj", "{5738C500-5EA0-49CA-8013-CEF5E37A0F4A}"
EndProject
Global
	GlobalSection(SolutionConfigurationPlatforms) = preSolution
		Debug|Any CPU = Debug|Any CPU
		Release|Any CPU = Release|Any CPU
	EndGlobalSection
	GlobalSection(ProjectConfigurationPlatforms) = postSolution
		{5738C500-5EA0-49CA-8013-CEF5E37A0F4A}.Debug|Any CPU.ActiveCfg = Debug|Any CPU
		{5738C500-5EA0-49CA-8013-CEF5E37A0F4A}.Debug|Any CPU.Build.0 = Debug|Any CPU
		{5738C500-5EA0-49CA-8013-CEF5E37A0F4A}.Release|Any CPU.ActiveCfg = Release|Any CPU
		{5738C500-5EA0-49CA-8013-CEF5E37A0F4A}.Release|Any CPU.Build.0 = Release|Any CPU
	EndGlobalSection
	GlobalSection(SolutionProperties) = preSolution
		HideSolutionNode = FALSE
	EndGlobalSection
	GlobalSection(ExtensibilityGlobals) = postSolution
		SolutionGuid = {02378908-E45A-4CD4-8393-0CB525545E08}
	EndGlobalSection
EndGlobal
